// !$*UTF8*$!
{
	archiveVersion = 1;
	classes = {
	};
	objectVersion = 56;
	objects = {

/* Begin PBXBuildFile section */
		007D240F2AD0985E00E98C39 /* app_playgroundApp.swift in Sources */ = {isa = PBXBuildFile; fileRef = 007D240E2AD0985E00E98C39 /* app_playgroundApp.swift */; };
		007D24112AD0985E00E98C39 /* ContentView.swift in Sources */ = {isa = PBXBuildFile; fileRef = 007D24102AD0985E00E98C39 /* ContentView.swift */; };
		007D24132AD0986100E98C39 /* Assets.xcassets in Resources */ = {isa = PBXBuildFile; fileRef = 007D24122AD0986100E98C39 /* Assets.xcassets */; };
		007D24162AD0986100E98C39 /* Preview Assets.xcassets in Resources */ = {isa = PBXBuildFile; fileRef = 007D24152AD0986100E98C39 /* Preview Assets.xcassets */; };
		007D24202AD0986100E98C39 /* app_playgroundTests.swift in Sources */ = {isa = PBXBuildFile; fileRef = 007D241F2AD0986100E98C39 /* app_playgroundTests.swift */; };
		007D242A2AD0986100E98C39 /* app_playgroundUITests.swift in Sources */ = {isa = PBXBuildFile; fileRef = 007D24292AD0986100E98C39 /* app_playgroundUITests.swift */; };
		007D242C2AD0986100E98C39 /* app_playgroundUITestsLaunchTests.swift in Sources */ = {isa = PBXBuildFile; fileRef = 007D242B2AD0986100E98C39 /* app_playgroundUITestsLaunchTests.swift */; };
/* End PBXBuildFile section */

/* Begin PBXContainerItemProxy section */
		007D241C2AD0986100E98C39 /* PBXContainerItemProxy */ = {
			isa = PBXContainerItemProxy;
			containerPortal = 007D24032AD0985E00E98C39 /* Project object */;
			proxyType = 1;
			remoteGlobalIDString = 007D240A2AD0985E00E98C39;
			remoteInfo = app_playground;
		};
		007D24262AD0986100E98C39 /* PBXContainerItemProxy */ = {
			isa = PBXContainerItemProxy;
			containerPortal = 007D24032AD0985E00E98C39 /* Project object */;
			proxyType = 1;
			remoteGlobalIDString = 007D240A2AD0985E00E98C39;
			remoteInfo = app_playground;
		};
/* End PBXContainerItemProxy section */

/* Begin PBXFileReference section */
		007D240B2AD0985E00E98C39 /* app_playground.app */ = {isa = PBXFileReference; explicitFileType = wrapper.application; includeInIndex = 0; path = app_playground.app; sourceTree = BUILT_PRODUCTS_DIR; };
		007D240E2AD0985E00E98C39 /* app_playgroundApp.swift */ = {isa = PBXFileReference; lastKnownFileType = sourcecode.swift; path = app_playgroundApp.swift; sourceTree = "<group>"; };
		007D24102AD0985E00E98C39 /* ContentView.swift */ = {isa = PBXFileReference; lastKnownFileType = sourcecode.swift; path = ContentView.swift; sourceTree = "<group>"; };
		007D24122AD0986100E98C39 /* Assets.xcassets */ = {isa = PBXFileReference; lastKnownFileType = folder.assetcatalog; path = Assets.xcassets; sourceTree = "<group>"; };
		007D24152AD0986100E98C39 /* Preview Assets.xcassets */ = {isa = PBXFileReference; lastKnownFileType = folder.assetcatalog; path = "Preview Assets.xcassets"; sourceTree = "<group>"; };
		007D241B2AD0986100E98C39 /* app_playgroundTests.xctest */ = {isa = PBXFileReference; explicitFileType = wrapper.cfbundle; includeInIndex = 0; path = app_playgroundTests.xctest; sourceTree = BUILT_PRODUCTS_DIR; };
		007D241F2AD0986100E98C39 /* app_playgroundTests.swift */ = {isa = PBXFileReference; lastKnownFileType = sourcecode.swift; path = app_playgroundTests.swift; sourceTree = "<group>"; };
		007D24252AD0986100E98C39 /* app_playgroundUITests.xctest */ = {isa = PBXFileReference; explicitFileType = wrapper.cfbundle; includeInIndex = 0; path = app_playgroundUITests.xctest; sourceTree = BUILT_PRODUCTS_DIR; };
		007D24292AD0986100E98C39 /* app_playgroundUITests.swift */ = {isa = PBXFileReference; lastKnownFileType = sourcecode.swift; path = app_playgroundUITests.swift; sourceTree = "<group>"; };
		007D242B2AD0986100E98C39 /* app_playgroundUITestsLaunchTests.swift */ = {isa = PBXFileReference; lastKnownFileType = sourcecode.swift; path = app_playgroundUITestsLaunchTests.swift; sourceTree = "<group>"; };
/* End PBXFileReference section */

/* Begin PBXFrameworksBuildPhase section */
		007D24082AD0985E00E98C39 /* Frameworks */ = {
			isa = PBXFrameworksBuildPhase;
			buildActionMask = 2147483647;
			files = (
			);
			runOnlyForDeploymentPostprocessing = 0;
		};
		007D24182AD0986100E98C39 /* Frameworks */ = {
			isa = PBXFrameworksBuildPhase;
			buildActionMask = 2147483647;
			files = (
			);
			runOnlyForDeploymentPostprocessing = 0;
		};
		007D24222AD0986100E98C39 /* Frameworks */ = {
			isa = PBXFrameworksBuildPhase;
			buildActionMask = 2147483647;
			files = (
			);
			runOnlyForDeploymentPostprocessing = 0;
		};
/* End PBXFrameworksBuildPhase section */

/* Begin PBXGroup section */
		007D24022AD0985E00E98C39 = {
			isa = PBXGroup;
			children = (
				007D240D2AD0985E00E98C39 /* app_playground */,
				007D241E2AD0986100E98C39 /* app_playgroundTests */,
				007D24282AD0986100E98C39 /* app_playgroundUITests */,
				007D240C2AD0985E00E98C39 /* Products */,
			);
			sourceTree = "<group>";
		};
		007D240C2AD0985E00E98C39 /* Products */ = {
			isa = PBXGroup;
			children = (
				007D240B2AD0985E00E98C39 /* app_playground.app */,
				007D241B2AD0986100E98C39 /* app_playgroundTests.xctest */,
				007D24252AD0986100E98C39 /* app_playgroundUITests.xctest */,
			);
			name = Products;
			sourceTree = "<group>";
		};
		007D240D2AD0985E00E98C39 /* app_playground */ = {
			isa = PBXGroup;
			children = (
				007D240E2AD0985E00E98C39 /* app_playgroundApp.swift */,
				007D24102AD0985E00E98C39 /* ContentView.swift */,
				007D24122AD0986100E98C39 /* Assets.xcassets */,
				007D24142AD0986100E98C39 /* Preview Content */,
			);
			path = app_playground;
			sourceTree = "<group>";
		};
		007D24142AD0986100E98C39 /* Preview Content */ = {
			isa = PBXGroup;
			children = (
				007D24152AD0986100E98C39 /* Preview Assets.xcassets */,
			);
			path = "Preview Content";
			sourceTree = "<group>";
		};
		007D241E2AD0986100E98C39 /* app_playgroundTests */ = {
			isa = PBXGroup;
			children = (
				007D241F2AD0986100E98C39 /* app_playgroundTests.swift */,
			);
			path = app_playgroundTests;
			sourceTree = "<group>";
		};
		007D24282AD0986100E98C39 /* app_playgroundUITests */ = {
			isa = PBXGroup;
			children = (
				007D24292AD0986100E98C39 /* app_playgroundUITests.swift */,
				007D242B2AD0986100E98C39 /* app_playgroundUITestsLaunchTests.swift */,
			);
			path = app_playgroundUITests;
			sourceTree = "<group>";
		};
/* End PBXGroup section */

/* Begin PBXNativeTarget section */
		007D240A2AD0985E00E98C39 /* app_playground */ = {
			isa = PBXNativeTarget;
			buildConfigurationList = 007D242F2AD0986100E98C39 /* Build configuration list for PBXNativeTarget "app_playground" */;
			buildPhases = (
				007D24072AD0985E00E98C39 /* Sources */,
				007D24082AD0985E00E98C39 /* Frameworks */,
				007D24092AD0985E00E98C39 /* Resources */,
			);
			buildRules = (
			);
			dependencies = (
			);
			name = app_playground;
			productName = app_playground;
			productReference = 007D240B2AD0985E00E98C39 /* app_playground.app */;
			productType = "com.apple.product-type.application";
		};
		007D241A2AD0986100E98C39 /* app_playgroundTests */ = {
			isa = PBXNativeTarget;
			buildConfigurationList = 007D24322AD0986100E98C39 /* Build configuration list for PBXNativeTarget "app_playgroundTests" */;
			buildPhases = (
				007D24172AD0986100E98C39 /* Sources */,
				007D24182AD0986100E98C39 /* Frameworks */,
				007D24192AD0986100E98C39 /* Resources */,
			);
			buildRules = (
			);
			dependencies = (
				007D241D2AD0986100E98C39 /* PBXTargetDependency */,
			);
			name = app_playgroundTests;
			productName = app_playgroundTests;
			productReference = 007D241B2AD0986100E98C39 /* app_playgroundTests.xctest */;
			productType = "com.apple.product-type.bundle.unit-test";
		};
		007D24242AD0986100E98C39 /* app_playgroundUITests */ = {
			isa = PBXNativeTarget;
			buildConfigurationList = 007D24352AD0986100E98C39 /* Build configuration list for PBXNativeTarget "app_playgroundUITests" */;
			buildPhases = (
				007D24212AD0986100E98C39 /* Sources */,
				007D24222AD0986100E98C39 /* Frameworks */,
				007D24232AD0986100E98C39 /* Resources */,
			);
			buildRules = (
			);
			dependencies = (
				007D24272AD0986100E98C39 /* PBXTargetDependency */,
			);
			name = app_playgroundUITests;
			productName = app_playgroundUITests;
			productReference = 007D24252AD0986100E98C39 /* app_playgroundUITests.xctest */;
			productType = "com.apple.product-type.bundle.ui-testing";
		};
/* End PBXNativeTarget section */

/* Begin PBXProject section */
		007D24032AD0985E00E98C39 /* Project object */ = {
			isa = PBXProject;
			attributes = {
				BuildIndependentTargetsInParallel = 1;
				LastSwiftUpdateCheck = 1430;
				LastUpgradeCheck = 1430;
				TargetAttributes = {
					007D240A2AD0985E00E98C39 = {
						CreatedOnToolsVersion = 14.3.1;
					};
					007D241A2AD0986100E98C39 = {
						CreatedOnToolsVersion = 14.3.1;
						TestTargetID = 007D240A2AD0985E00E98C39;
					};
					007D24242AD0986100E98C39 = {
						CreatedOnToolsVersion = 14.3.1;
						TestTargetID = 007D240A2AD0985E00E98C39;
					};
				};
			};
			buildConfigurationList = 007D24062AD0985E00E98C39 /* Build configuration list for PBXProject "app_playground" */;
			compatibilityVersion = "Xcode 14.0";
			developmentRegion = en;
			hasScannedForEncodings = 0;
			knownRegions = (
				en,
				Base,
			);
			mainGroup = 007D24022AD0985E00E98C39;
			productRefGroup = 007D240C2AD0985E00E98C39 /* Products */;
			projectDirPath = "";
			projectRoot = "";
			targets = (
				007D240A2AD0985E00E98C39 /* app_playground */,
				007D241A2AD0986100E98C39 /* app_playgroundTests */,
				007D24242AD0986100E98C39 /* app_playgroundUITests */,
			);
		};
/* End PBXProject section */

/* Begin PBXResourcesBuildPhase section */
		007D24092AD0985E00E98C39 /* Resources */ = {
			isa = PBXResourcesBuildPhase;
			buildActionMask = 2147483647;
			files = (
				007D24162AD0986100E98C39 /* Preview Assets.xcassets in Resources */,
				007D24132AD0986100E98C39 /* Assets.xcassets in Resources */,
			);
			runOnlyForDeploymentPostprocessing = 0;
		};
		007D24192AD0986100E98C39 /* Resources */ = {
			isa = PBXResourcesBuildPhase;
			buildActionMask = 2147483647;
			files = (
			);
			runOnlyForDeploymentPostprocessing = 0;
		};
		007D24232AD0986100E98C39 /* Resources */ = {
			isa = PBXResourcesBuildPhase;
			buildActionMask = 2147483647;
			files = (
			);
			runOnlyForDeploymentPostprocessing = 0;
		};
/* End PBXResourcesBuildPhase section */

/* Begin PBXSourcesBuildPhase section */
		007D24072AD0985E00E98C39 /* Sources */ = {
			isa = PBXSourcesBuildPhase;
			buildActionMask = 2147483647;
			files = (
				007D24112AD0985E00E98C39 /* ContentView.swift in Sources */,
				007D240F2AD0985E00E98C39 /* app_playgroundApp.swift in Sources */,
			);
			runOnlyForDeploymentPostprocessing = 0;
		};
		007D24172AD0986100E98C39 /* Sources */ = {
			isa = PBXSourcesBuildPhase;
			buildActionMask = 2147483647;
			files = (
				007D24202AD0986100E98C39 /* app_playgroundTests.swift in Sources */,
			);
			runOnlyForDeploymentPostprocessing = 0;
		};
		007D24212AD0986100E98C39 /* Sources */ = {
			isa = PBXSourcesBuildPhase;
			buildActionMask = 2147483647;
			files = (
				007D242A2AD0986100E98C39 /* app_playgroundUITests.swift in Sources */,
				007D242C2AD0986100E98C39 /* app_playgroundUITestsLaunchTests.swift in Sources */,
			);
			runOnlyForDeploymentPostprocessing = 0;
		};
/* End PBXSourcesBuildPhase section */

/* Begin PBXTargetDependency section */
		007D241D2AD0986100E98C39 /* PBXTargetDependency */ = {
			isa = PBXTargetDependency;
			target = 007D240A2AD0985E00E98C39 /* app_playground */;
			targetProxy = 007D241C2AD0986100E98C39 /* PBXContainerItemProxy */;
		};
		007D24272AD0986100E98C39 /* PBXTargetDependency */ = {
			isa = PBXTargetDependency;
			target = 007D240A2AD0985E00E98C39 /* app_playground */;
			targetProxy = 007D24262AD0986100E98C39 /* PBXContainerItemProxy */;
		};
/* End PBXTargetDependency section */

/* Begin XCBuildConfiguration section */
		007D242D2AD0986100E98C39 /* Debug */ = {
			isa = XCBuildConfiguration;
			buildSettings = {
				ALWAYS_SEARCH_USER_PATHS = NO;
				CLANG_ANALYZER_NONNULL = YES;
				CLANG_ANALYZER_NUMBER_OBJECT_CONVERSION = YES_AGGRESSIVE;
				CLANG_CXX_LANGUAGE_STANDARD = "gnu++20";
				CLANG_ENABLE_MODULES = YES;
				CLANG_ENABLE_OBJC_ARC = YES;
				CLANG_ENABLE_OBJC_WEAK = YES;
				CLANG_WARN_BLOCK_CAPTURE_AUTORELEASING = YES;
				CLANG_WARN_BOOL_CONVERSION = YES;
				CLANG_WARN_COMMA = YES;
				CLANG_WARN_CONSTANT_CONVERSION = YES;
				CLANG_WARN_DEPRECATED_OBJC_IMPLEMENTATIONS = YES;
				CLANG_WARN_DIRECT_OBJC_ISA_USAGE = YES_ERROR;
				CLANG_WARN_DOCUMENTATION_COMMENTS = YES;
				CLANG_WARN_EMPTY_BODY = YES;
				CLANG_WARN_ENUM_CONVERSION = YES;
				CLANG_WARN_INFINITE_RECURSION = YES;
				CLANG_WARN_INT_CONVERSION = YES;
				CLANG_WARN_NON_LITERAL_NULL_CONVERSION = YES;
				CLANG_WARN_OBJC_IMPLICIT_RETAIN_SELF = YES;
				CLANG_WARN_OBJC_LITERAL_CONVERSION = YES;
				CLANG_WARN_OBJC_ROOT_CLASS = YES_ERROR;
				CLANG_WARN_QUOTED_INCLUDE_IN_FRAMEWORK_HEADER = YES;
				CLANG_WARN_RANGE_LOOP_ANALYSIS = YES;
				CLANG_WARN_STRICT_PROTOTYPES = YES;
				CLANG_WARN_SUSPICIOUS_MOVE = YES;
				CLANG_WARN_UNGUARDED_AVAILABILITY = YES_AGGRESSIVE;
				CLANG_WARN_UNREACHABLE_CODE = YES;
				CLANG_WARN__DUPLICATE_METHOD_MATCH = YES;
				COPY_PHASE_STRIP = NO;
				DEBUG_INFORMATION_FORMAT = dwarf;
				ENABLE_STRICT_OBJC_MSGSEND = YES;
				ENABLE_TESTABILITY = YES;
				GCC_C_LANGUAGE_STANDARD = gnu11;
				GCC_DYNAMIC_NO_PIC = NO;
				GCC_NO_COMMON_BLOCKS = YES;
				GCC_OPTIMIZATION_LEVEL = 0;
				GCC_PREPROCESSOR_DEFINITIONS = (
					"DEBUG=1",
					"$(inherited)",
				);
				GCC_WARN_64_TO_32_BIT_CONVERSION = YES;
				GCC_WARN_ABOUT_RETURN_TYPE = YES_ERROR;
				GCC_WARN_UNDECLARED_SELECTOR = YES;
				GCC_WARN_UNINITIALIZED_AUTOS = YES_AGGRESSIVE;
				GCC_WARN_UNUSED_FUNCTION = YES;
				GCC_WARN_UNUSED_VARIABLE = YES;
				IPHONEOS_DEPLOYMENT_TARGET = 16.4;
				MTL_ENABLE_DEBUG_INFO = INCLUDE_SOURCE;
				MTL_FAST_MATH = YES;
				ONLY_ACTIVE_ARCH = YES;
				SDKROOT = iphoneos;
				SWIFT_ACTIVE_COMPILATION_CONDITIONS = DEBUG;
				SWIFT_OPTIMIZATION_LEVEL = "-Onone";
			};
			name = Debug;
		};
		007D242E2AD0986100E98C39 /* Release */ = {
			isa = XCBuildConfiguration;
			buildSettings = {
				ALWAYS_SEARCH_USER_PATHS = NO;
				CLANG_ANALYZER_NONNULL = YES;
				CLANG_ANALYZER_NUMBER_OBJECT_CONVERSION = YES_AGGRESSIVE;
				CLANG_CXX_LANGUAGE_STANDARD = "gnu++20";
				CLANG_ENABLE_MODULES = YES;
				CLANG_ENABLE_OBJC_ARC = YES;
				CLANG_ENABLE_OBJC_WEAK = YES;
				CLANG_WARN_BLOCK_CAPTURE_AUTORELEASING = YES;
				CLANG_WARN_BOOL_CONVERSION = YES;
				CLANG_WARN_COMMA = YES;
				CLANG_WARN_CONSTANT_CONVERSION = YES;
				CLANG_WARN_DEPRECATED_OBJC_IMPLEMENTATIONS = YES;
				CLANG_WARN_DIRECT_OBJC_ISA_USAGE = YES_ERROR;
				CLANG_WARN_DOCUMENTATION_COMMENTS = YES;
				CLANG_WARN_EMPTY_BODY = YES;
				CLANG_WARN_ENUM_CONVERSION = YES;
				CLANG_WARN_INFINITE_RECURSION = YES;
				CLANG_WARN_INT_CONVERSION = YES;
				CLANG_WARN_NON_LITERAL_NULL_CONVERSION = YES;
				CLANG_WARN_OBJC_IMPLICIT_RETAIN_SELF = YES;
				CLANG_WARN_OBJC_LITERAL_CONVERSION = YES;
				CLANG_WARN_OBJC_ROOT_CLASS = YES_ERROR;
				CLANG_WARN_QUOTED_INCLUDE_IN_FRAMEWORK_HEADER = YES;
				CLANG_WARN_RANGE_LOOP_ANALYSIS = YES;
				CLANG_WARN_STRICT_PROTOTYPES = YES;
				CLANG_WARN_SUSPICIOUS_MOVE = YES;
				CLANG_WARN_UNGUARDED_AVAILABILITY = YES_AGGRESSIVE;
				CLANG_WARN_UNREACHABLE_CODE = YES;
				CLANG_WARN__DUPLICATE_METHOD_MATCH = YES;
				COPY_PHASE_STRIP = NO;
				DEBUG_INFORMATION_FORMAT = "dwarf-with-dsym";
				ENABLE_NS_ASSERTIONS = NO;
				ENABLE_STRICT_OBJC_MSGSEND = YES;
				GCC_C_LANGUAGE_STANDARD = gnu11;
				GCC_NO_COMMON_BLOCKS = YES;
				GCC_WARN_64_TO_32_BIT_CONVERSION = YES;
				GCC_WARN_ABOUT_RETURN_TYPE = YES_ERROR;
				GCC_WARN_UNDECLARED_SELECTOR = YES;
				GCC_WARN_UNINITIALIZED_AUTOS = YES_AGGRESSIVE;
				GCC_WARN_UNUSED_FUNCTION = YES;
				GCC_WARN_UNUSED_VARIABLE = YES;
				IPHONEOS_DEPLOYMENT_TARGET = 16.4;
				MTL_ENABLE_DEBUG_INFO = NO;
				MTL_FAST_MATH = YES;
				SDKROOT = iphoneos;
				SWIFT_COMPILATION_MODE = wholemodule;
				SWIFT_OPTIMIZATION_LEVEL = "-O";
				VALIDATE_PRODUCT = YES;
			};
			name = Release;
		};
		007D24302AD0986100E98C39 /* Debug */ = {
			isa = XCBuildConfiguration;
			buildSettings = {
				ASSETCATALOG_COMPILER_APPICON_NAME = AppIcon;
				ASSETCATALOG_COMPILER_GLOBAL_ACCENT_COLOR_NAME = AccentColor;
				CODE_SIGN_STYLE = Automatic;
				CURRENT_PROJECT_VERSION = 1;
				DEVELOPMENT_ASSET_PATHS = "\"app_playground/Preview Content\"";
				ENABLE_PREVIEWS = YES;
				GENERATE_INFOPLIST_FILE = YES;
				INFOPLIST_KEY_UIApplicationSceneManifest_Generation = YES;
				INFOPLIST_KEY_UIApplicationSupportsIndirectInputEvents = YES;
				INFOPLIST_KEY_UILaunchScreen_Generation = YES;
				INFOPLIST_KEY_UISupportedInterfaceOrientations_iPad = "UIInterfaceOrientationPortrait UIInterfaceOrientationPortraitUpsideDown UIInterfaceOrientationLandscapeLeft UIInterfaceOrientationLandscapeRight";
				INFOPLIST_KEY_UISupportedInterfaceOrientations_iPhone = "UIInterfaceOrientationPortrait UIInterfaceOrientationLandscapeLeft UIInterfaceOrientationLandscapeRight";
				LD_RUNPATH_SEARCH_PATHS = (
					"$(inherited)",
					"@executable_path/Frameworks",
				);
				MARKETING_VERSION = 1.0;
				PRODUCT_BUNDLE_IDENTIFIER = "tst.app-playground";
				PRODUCT_NAME = "$(TARGET_NAME)";
				SWIFT_EMIT_LOC_STRINGS = YES;
				SWIFT_VERSION = 5.0;
				TARGETED_DEVICE_FAMILY = "1,2";
			};
			name = Debug;
		};
		007D24312AD0986100E98C39 /* Release */ = {
			isa = XCBuildConfiguration;
			buildSettings = {
				ASSETCATALOG_COMPILER_APPICON_NAME = AppIcon;
				ASSETCATALOG_COMPILER_GLOBAL_ACCENT_COLOR_NAME = AccentColor;
				CODE_SIGN_STYLE = Automatic;
				CURRENT_PROJECT_VERSION = 1;
				DEVELOPMENT_ASSET_PATHS = "\"app_playground/Preview Content\"";
				ENABLE_PREVIEWS = YES;
				GENERATE_INFOPLIST_FILE = YES;
				INFOPLIST_KEY_UIApplicationSceneManifest_Generation = YES;
				INFOPLIST_KEY_UIApplicationSupportsIndirectInputEvents = YES;
				INFOPLIST_KEY_UILaunchScreen_Generation = YES;
				INFOPLIST_KEY_UISupportedInterfaceOrientations_iPad = "UIInterfaceOrientationPortrait UIInterfaceOrientationPortraitUpsideDown UIInterfaceOrientationLandscapeLeft UIInterfaceOrientationLandscapeRight";
				INFOPLIST_KEY_UISupportedInterfaceOrientations_iPhone = "UIInterfaceOrientationPortrait UIInterfaceOrientationLandscapeLeft UIInterfaceOrientationLandscapeRight";
				LD_RUNPATH_SEARCH_PATHS = (
					"$(inherited)",
					"@executable_path/Frameworks",
				);
				MARKETING_VERSION = 1.0;
				PRODUCT_BUNDLE_IDENTIFIER = "tst.app-playground";
				PRODUCT_NAME = "$(TARGET_NAME)";
				SWIFT_EMIT_LOC_STRINGS = YES;
				SWIFT_VERSION = 5.0;
				TARGETED_DEVICE_FAMILY = "1,2";
			};
			name = Release;
		};
		007D24332AD0986100E98C39 /* Debug */ = {
			isa = XCBuildConfiguration;
			buildSettings = {
				ALWAYS_EMBED_SWIFT_STANDARD_LIBRARIES = YES;
				BUNDLE_LOADER = "$(TEST_HOST)";
				CODE_SIGN_STYLE = Automatic;
				CURRENT_PROJECT_VERSION = 1;
				GENERATE_INFOPLIST_FILE = YES;
				IPHONEOS_DEPLOYMENT_TARGET = 16.4;
				MARKETING_VERSION = 1.0;
				PRODUCT_BUNDLE_IDENTIFIER = "tst.app-playgroundTests";
				PRODUCT_NAME = "$(TARGET_NAME)";
				SWIFT_EMIT_LOC_STRINGS = NO;
				SWIFT_VERSION = 5.0;
				TARGETED_DEVICE_FAMILY = "1,2";
				TEST_HOST = "$(BUILT_PRODUCTS_DIR)/app_playground.app/$(BUNDLE_EXECUTABLE_FOLDER_PATH)/app_playground";
			};
			name = Debug;
		};
		007D24342AD0986100E98C39 /* Release */ = {
			isa = XCBuildConfiguration;
			buildSettings = {
				ALWAYS_EMBED_SWIFT_STANDARD_LIBRARIES = YES;
				BUNDLE_LOADER = "$(TEST_HOST)";
				CODE_SIGN_STYLE = Automatic;
				CURRENT_PROJECT_VERSION = 1;
				GENERATE_INFOPLIST_FILE = YES;
				IPHONEOS_DEPLOYMENT_TARGET = 16.4;
				MARKETING_VERSION = 1.0;
				PRODUCT_BUNDLE_IDENTIFIER = "tst.app-playgroundTests";
				PRODUCT_NAME = "$(TARGET_NAME)";
				SWIFT_EMIT_LOC_STRINGS = NO;
				SWIFT_VERSION = 5.0;
				TARGETED_DEVICE_FAMILY = "1,2";
				TEST_HOST = "$(BUILT_PRODUCTS_DIR)/app_playground.app/$(BUNDLE_EXECUTABLE_FOLDER_PATH)/app_playground";
			};
			name = Release;
		};
		007D24362AD0986100E98C39 /* Debug */ = {
			isa = XCBuildConfiguration;
			buildSettings = {
				ALWAYS_EMBED_SWIFT_STANDARD_LIBRARIES = YES;
				CODE_SIGN_STYLE = Automatic;
				CURRENT_PROJECT_VERSION = 1;
				GENERATE_INFOPLIST_FILE = YES;
				MARKETING_VERSION = 1.0;
				PRODUCT_BUNDLE_IDENTIFIER = "tst.app-playgroundUITests";
				PRODUCT_NAME = "$(TARGET_NAME)";
				SWIFT_EMIT_LOC_STRINGS = NO;
				SWIFT_VERSION = 5.0;
				TARGETED_DEVICE_FAMILY = "1,2";
				TEST_TARGET_NAME = app_playground;
			};
			name = Debug;
		};
		007D24372AD0986100E98C39 /* Release */ = {
			isa = XCBuildConfiguration;
			buildSettings = {
				ALWAYS_EMBED_SWIFT_STANDARD_LIBRARIES = YES;
				CODE_SIGN_STYLE = Automatic;
				CURRENT_PROJECT_VERSION = 1;
				GENERATE_INFOPLIST_FILE = YES;
				MARKETING_VERSION = 1.0;
				PRODUCT_BUNDLE_IDENTIFIER = "tst.app-playgroundUITests";
				PRODUCT_NAME = "$(TARGET_NAME)";
				SWIFT_EMIT_LOC_STRINGS = NO;
				SWIFT_VERSION = 5.0;
				TARGETED_DEVICE_FAMILY = "1,2";
				TEST_TARGET_NAME = app_playground;
			};
			name = Release;
		};
/* End XCBuildConfiguration section */

/* Begin XCConfigurationList section */
		007D24062AD0985E00E98C39 /* Build configuration list for PBXProject "app_playground" */ = {
			isa = XCConfigurationList;
			buildConfigurations = (
				007D242D2AD0986100E98C39 /* Debug */,
				007D242E2AD0986100E98C39 /* Release */,
			);
			defaultConfigurationIsVisible = 0;
			defaultConfigurationName = Release;
		};
		007D242F2AD0986100E98C39 /* Build configuration list for PBXNativeTarget "app_playground" */ = {
			isa = XCConfigurationList;
			buildConfigurations = (
				007D24302AD0986100E98C39 /* Debug */,
				007D24312AD0986100E98C39 /* Release */,
			);
			defaultConfigurationIsVisible = 0;
			defaultConfigurationName = Release;
		};
		007D24322AD0986100E98C39 /* Build configuration list for PBXNativeTarget "app_playgroundTests" */ = {
			isa = XCConfigurationList;
			buildConfigurations = (
				007D24332AD0986100E98C39 /* Debug */,
				007D24342AD0986100E98C39 /* Release */,
			);
			defaultConfigurationIsVisible = 0;
			defaultConfigurationName = Release;
		};
		007D24352AD0986100E98C39 /* Build configuration list for PBXNativeTarget "app_playgroundUITests" */ = {
			isa = XCConfigurationList;
			buildConfigurations = (
				007D24362AD0986100E98C39 /* Debug */,
				007D24372AD0986100E98C39 /* Release */,
			);
			defaultConfigurationIsVisible = 0;
			defaultConfigurationName = Release;
		};
/* End XCConfigurationList section */
	};
	rootObject = 007D24032AD0985E00E98C39 /* Project object */;
}
